
Microsoft Visual Studio Solution File, Format Version 12.00
# Visual Studio Version 17
VisualStudioVersion = 17.4.33110.190
MinimumVisualStudioVersion = 10.0.40219.1
Project("{FAE04EC0-301F-11D3-BF4B-00C04F79EFBC}") = "MilyonerV1", "MilyonerV1.csproj", "{052377F1-6E97-4559-882B-5037B3E9C96A}"
EndProject
Global
	GlobalSection(SolutionConfigurationPlatforms) = preSolution
		Debug|Any CPU = Debug|Any CPU
		Release|Any CPU = Release|Any CPU
	EndGlobalSection
	GlobalSection(ProjectConfigurationPlatforms) = postSolution
		{052377F1-6E97-4559-882B-5037B3E9C96A}.Debug|Any CPU.ActiveCfg = Debug|Any CPU
		{052377F1-6E97-4559-882B-5037B3E9C96A}.Debug|Any CPU.Build.0 = Debug|Any CPU
		{052377F1-6E97-4559-882B-5037B3E9C96A}.Release|Any CPU.ActiveCfg = Release|Any CPU
		{052377F1-6E97-4559-882B-5037B3E9C96A}.Release|Any CPU.Build.0 = Release|Any CPU
	EndGlobalSection
	GlobalSection(SolutionProperties) = preSolution
		HideSolutionNode = FALSE
	EndGlobalSection
	GlobalSection(ExtensibilityGlobals) = postSolution
		SolutionGuid = {06FCD560-E1EE-4476-A47E-54AE2BD0E8A3}
	EndGlobalSection
EndGlobal
